// !$*UTF8*$!
{
	archiveVersion = 1;
	classes = {
	};
	objectVersion = 52;
	objects = {

/* Begin PBXBuildFile section */
		058557BB273AAA24004C7B11 /* Assets.xcassets in Resources */ = {isa = PBXBuildFile; fileRef = 058557BA273AAA24004C7B11 /* Assets.xcassets */; };
		058557D9273AAEEB004C7B11 /* Preview Assets.xcassets in Resources */ = {isa = PBXBuildFile; fileRef = 058557D8273AAEEB004C7B11 /* Preview Assets.xcassets */; };
		1373014F29761FF000875CB1 /* SyncViewModel.swift in Sources */ = {isa = PBXBuildFile; fileRef = 1373013929761FEF00875CB1 /* SyncViewModel.swift */; };
		1373015029761FF000875CB1 /* SyncView.swift in Sources */ = {isa = PBXBuildFile; fileRef = 1373013A29761FEF00875CB1 /* SyncView.swift */; };
		1373015129761FF000875CB1 /* KeypadView.swift in Sources */ = {isa = PBXBuildFile; fileRef = 1373013C29761FF000875CB1 /* KeypadView.swift */; };
		1373015229761FF000875CB1 /* KeyPadViewModel.swift in Sources */ = {isa = PBXBuildFile; fileRef = 1373013D29761FF000875CB1 /* KeyPadViewModel.swift */; };
		1373015329761FF000875CB1 /* Preview Assets.xcassets in Resources */ = {isa = PBXBuildFile; fileRef = 1373013F29761FF000875CB1 /* Preview Assets.xcassets */; };
		1373015429761FF000875CB1 /* Typography.swift in Sources */ = {isa = PBXBuildFile; fileRef = 1373014129761FF000875CB1 /* Typography.swift */; };
		1373015529761FF000875CB1 /* Icon.swift in Sources */ = {isa = PBXBuildFile; fileRef = 1373014229761FF000875CB1 /* Icon.swift */; };
		1373015629761FF000875CB1 /* Theme.swift in Sources */ = {isa = PBXBuildFile; fileRef = 1373014329761FF000875CB1 /* Theme.swift */; };
		1373015729761FF000875CB1 /* Color.swift in Sources */ = {isa = PBXBuildFile; fileRef = 1373014429761FF000875CB1 /* Color.swift */; };
		1373015829761FF000875CB1 /* ConverterView.swift in Sources */ = {isa = PBXBuildFile; fileRef = 1373014629761FF000875CB1 /* ConverterView.swift */; };
		1373015929761FF000875CB1 /* ConverterViewModel.swift in Sources */ = {isa = PBXBuildFile; fileRef = 1373014729761FF000875CB1 /* ConverterViewModel.swift */; };
		1373015A29761FF000875CB1 /* sf_regular.otf in Resources */ = {isa = PBXBuildFile; fileRef = 1373014929761FF000875CB1 /* sf_regular.otf */; };
		1373015B29761FF000875CB1 /* CurrenciesViewModel.swift in Sources */ = {isa = PBXBuildFile; fileRef = 1373014B29761FF000875CB1 /* CurrenciesViewModel.swift */; };
		1373015C29761FF000875CB1 /* CurrenciesView.swift in Sources */ = {isa = PBXBuildFile; fileRef = 1373014C29761FF000875CB1 /* CurrenciesView.swift */; };
		1373015D29761FF000875CB1 /* BaseViewModel.swift in Sources */ = {isa = PBXBuildFile; fileRef = 1373014E29761FF000875CB1 /* BaseViewModel.swift */; };
		137301662976207600875CB1 /* KeypadViewModelTests.swift in Sources */ = {isa = PBXBuildFile; fileRef = 1373015F2976207600875CB1 /* KeypadViewModelTests.swift */; };
		137301672976207600875CB1 /* ConverterViewModelTests.swift in Sources */ = {isa = PBXBuildFile; fileRef = 137301612976207600875CB1 /* ConverterViewModelTests.swift */; };
		137301682976207600875CB1 /* CurrenciesViewModelTests.swift in Sources */ = {isa = PBXBuildFile; fileRef = 137301632976207600875CB1 /* CurrenciesViewModelTests.swift */; };
		137301692976207600875CB1 /* SyncViewmodelTests.swift in Sources */ = {isa = PBXBuildFile; fileRef = 137301652976207600875CB1 /* SyncViewmodelTests.swift */; };
		137D277429761A6B00DDD377 /* OrderedCollections in Frameworks */ = {isa = PBXBuildFile; productRef = 137D277329761A6B00DDD377 /* OrderedCollections */; };
		137D277729761A8700DDD377 /* CombineSchedulers in Frameworks */ = {isa = PBXBuildFile; productRef = 137D277629761A8700DDD377 /* CombineSchedulers */; };
		137D277A29761AFB00DDD377 /* KMPNativeCoroutinesAsync in Frameworks */ = {isa = PBXBuildFile; productRef = 137D277929761AFB00DDD377 /* KMPNativeCoroutinesAsync */; };
		137D277C29761AFB00DDD377 /* KMPNativeCoroutinesCombine in Frameworks */ = {isa = PBXBuildFile; productRef = 137D277B29761AFB00DDD377 /* KMPNativeCoroutinesCombine */; };
		137D277E29761AFB00DDD377 /* KMPNativeCoroutinesCore in Frameworks */ = {isa = PBXBuildFile; productRef = 137D277D29761AFB00DDD377 /* KMPNativeCoroutinesCore */; };
		2152FB042600AC8F00CF470E /* iOSApp.swift in Sources */ = {isa = PBXBuildFile; fileRef = 2152FB032600AC8F00CF470E /* iOSApp.swift */; };
/* End PBXBuildFile section */

/* Begin PBXContainerItemProxy section */
		137D2757297617B000DDD377 /* PBXContainerItemProxy */ = {
			isa = PBXContainerItemProxy;
			containerPortal = 7555FF73242A565900829871 /* Project object */;
			proxyType = 1;
			remoteGlobalIDString = 7555FF7A242A565900829871;
			remoteInfo = iosApp;
		};
/* End PBXContainerItemProxy section */

/* Begin PBXCopyFilesBuildPhase section */
		7555FFB4242A642300829871 /* Embed Frameworks */ = {
			isa = PBXCopyFilesBuildPhase;
			buildActionMask = 2147483647;
			dstPath = "";
			dstSubfolderSpec = 10;
			files = (
			);
			name = "Embed Frameworks";
			runOnlyForDeploymentPostprocessing = 0;
		};
/* End PBXCopyFilesBuildPhase section */

/* Begin PBXFileReference section */
		058557BA273AAA24004C7B11 /* Assets.xcassets */ = {isa = PBXFileReference; lastKnownFileType = folder.assetcatalog; path = Assets.xcassets; sourceTree = "<group>"; };
		058557D8273AAEEB004C7B11 /* Preview Assets.xcassets */ = {isa = PBXFileReference; lastKnownFileType = folder.assetcatalog; path = "Preview Assets.xcassets"; sourceTree = "<group>"; };
		1373013929761FEF00875CB1 /* SyncViewModel.swift */ = {isa = PBXFileReference; fileEncoding = 4; lastKnownFileType = sourcecode.swift; path = SyncViewModel.swift; sourceTree = "<group>"; };
		1373013A29761FEF00875CB1 /* SyncView.swift */ = {isa = PBXFileReference; fileEncoding = 4; lastKnownFileType = sourcecode.swift; path = SyncView.swift; sourceTree = "<group>"; };
		1373013C29761FF000875CB1 /* KeypadView.swift */ = {isa = PBXFileReference; fileEncoding = 4; lastKnownFileType = sourcecode.swift; path = KeypadView.swift; sourceTree = "<group>"; };
		1373013D29761FF000875CB1 /* KeyPadViewModel.swift */ = {isa = PBXFileReference; fileEncoding = 4; lastKnownFileType = sourcecode.swift; path = KeyPadViewModel.swift; sourceTree = "<group>"; };
		1373013F29761FF000875CB1 /* Preview Assets.xcassets */ = {isa = PBXFileReference; lastKnownFileType = folder.assetcatalog; path = "Preview Assets.xcassets"; sourceTree = "<group>"; };
		1373014129761FF000875CB1 /* Typography.swift */ = {isa = PBXFileReference; fileEncoding = 4; lastKnownFileType = sourcecode.swift; path = Typography.swift; sourceTree = "<group>"; };
		1373014229761FF000875CB1 /* Icon.swift */ = {isa = PBXFileReference; fileEncoding = 4; lastKnownFileType = sourcecode.swift; path = Icon.swift; sourceTree = "<group>"; };
		1373014329761FF000875CB1 /* Theme.swift */ = {isa = PBXFileReference; fileEncoding = 4; lastKnownFileType = sourcecode.swift; path = Theme.swift; sourceTree = "<group>"; };
		1373014429761FF000875CB1 /* Color.swift */ = {isa = PBXFileReference; fileEncoding = 4; lastKnownFileType = sourcecode.swift; path = Color.swift; sourceTree = "<group>"; };
		1373014629761FF000875CB1 /* ConverterView.swift */ = {isa = PBXFileReference; fileEncoding = 4; lastKnownFileType = sourcecode.swift; path = ConverterView.swift; sourceTree = "<group>"; };
		1373014729761FF000875CB1 /* ConverterViewModel.swift */ = {isa = PBXFileReference; fileEncoding = 4; lastKnownFileType = sourcecode.swift; path = ConverterViewModel.swift; sourceTree = "<group>"; };
		1373014929761FF000875CB1 /* sf_regular.otf */ = {isa = PBXFileReference; lastKnownFileType = file; path = sf_regular.otf; sourceTree = "<group>"; };
		1373014B29761FF000875CB1 /* CurrenciesViewModel.swift */ = {isa = PBXFileReference; fileEncoding = 4; lastKnownFileType = sourcecode.swift; path = CurrenciesViewModel.swift; sourceTree = "<group>"; };
		1373014C29761FF000875CB1 /* CurrenciesView.swift */ = {isa = PBXFileReference; fileEncoding = 4; lastKnownFileType = sourcecode.swift; path = CurrenciesView.swift; sourceTree = "<group>"; };
		1373014E29761FF000875CB1 /* BaseViewModel.swift */ = {isa = PBXFileReference; fileEncoding = 4; lastKnownFileType = sourcecode.swift; path = BaseViewModel.swift; sourceTree = "<group>"; };
		1373015F2976207600875CB1 /* KeypadViewModelTests.swift */ = {isa = PBXFileReference; fileEncoding = 4; lastKnownFileType = sourcecode.swift; path = KeypadViewModelTests.swift; sourceTree = "<group>"; };
		137301612976207600875CB1 /* ConverterViewModelTests.swift */ = {isa = PBXFileReference; fileEncoding = 4; lastKnownFileType = sourcecode.swift; path = ConverterViewModelTests.swift; sourceTree = "<group>"; };
		137301632976207600875CB1 /* CurrenciesViewModelTests.swift */ = {isa = PBXFileReference; fileEncoding = 4; lastKnownFileType = sourcecode.swift; path = CurrenciesViewModelTests.swift; sourceTree = "<group>"; };
		137301652976207600875CB1 /* SyncViewmodelTests.swift */ = {isa = PBXFileReference; fileEncoding = 4; lastKnownFileType = sourcecode.swift; path = SyncViewmodelTests.swift; sourceTree = "<group>"; };
		137D2753297617B000DDD377 /* iosAppTests.xctest */ = {isa = PBXFileReference; explicitFileType = wrapper.cfbundle; includeInIndex = 0; path = iosAppTests.xctest; sourceTree = BUILT_PRODUCTS_DIR; };
		2152FB032600AC8F00CF470E /* iOSApp.swift */ = {isa = PBXFileReference; lastKnownFileType = sourcecode.swift; path = iOSApp.swift; sourceTree = "<group>"; };
		7555FF7B242A565900829871 /* iosApp.app */ = {isa = PBXFileReference; explicitFileType = wrapper.application; includeInIndex = 0; path = iosApp.app; sourceTree = BUILT_PRODUCTS_DIR; };
		7555FF8C242A565B00829871 /* Info.plist */ = {isa = PBXFileReference; lastKnownFileType = text.plist.xml; path = Info.plist; sourceTree = "<group>"; };
/* End PBXFileReference section */

/* Begin PBXFrameworksBuildPhase section */
		137D2750297617B000DDD377 /* Frameworks */ = {
			isa = PBXFrameworksBuildPhase;
			buildActionMask = 2147483647;
			files = (
			);
			runOnlyForDeploymentPostprocessing = 0;
		};
		7555FF78242A565900829871 /* Frameworks */ = {
			isa = PBXFrameworksBuildPhase;
			buildActionMask = 2147483647;
			files = (
				137D277729761A8700DDD377 /* CombineSchedulers in Frameworks */,
				137D277E29761AFB00DDD377 /* KMPNativeCoroutinesCore in Frameworks */,
				137D277C29761AFB00DDD377 /* KMPNativeCoroutinesCombine in Frameworks */,
				137D277429761A6B00DDD377 /* OrderedCollections in Frameworks */,
				137D277A29761AFB00DDD377 /* KMPNativeCoroutinesAsync in Frameworks */,
			);
			runOnlyForDeploymentPostprocessing = 0;
		};
/* End PBXFrameworksBuildPhase section */

/* Begin PBXGroup section */
		058557D7273AAEEB004C7B11 /* Preview Content */ = {
			isa = PBXGroup;
			children = (
				058557D8273AAEEB004C7B11 /* Preview Assets.xcassets */,
			);
			path = "Preview Content";
			sourceTree = "<group>";
		};
		1373013829761FEF00875CB1 /* Sync */ = {
			isa = PBXGroup;
			children = (
				1373013929761FEF00875CB1 /* SyncViewModel.swift */,
				1373013A29761FEF00875CB1 /* SyncView.swift */,
			);
			path = Sync;
			sourceTree = "<group>";
		};
		1373013B29761FF000875CB1 /* Keypad */ = {
			isa = PBXGroup;
			children = (
				1373013C29761FF000875CB1 /* KeypadView.swift */,
				1373013D29761FF000875CB1 /* KeyPadViewModel.swift */,
			);
			path = Keypad;
			sourceTree = "<group>";
		};
		1373013E29761FF000875CB1 /* Preview Content */ = {
			isa = PBXGroup;
			children = (
				1373013F29761FF000875CB1 /* Preview Assets.xcassets */,
			);
			path = "Preview Content";
			sourceTree = "<group>";
		};
		1373014029761FF000875CB1 /* Theme */ = {
			isa = PBXGroup;
			children = (
				1373014129761FF000875CB1 /* Typography.swift */,
				1373014229761FF000875CB1 /* Icon.swift */,
				1373014329761FF000875CB1 /* Theme.swift */,
				1373014429761FF000875CB1 /* Color.swift */,
			);
			path = Theme;
			sourceTree = "<group>";
		};
		1373014529761FF000875CB1 /* Converter */ = {
			isa = PBXGroup;
			children = (
				1373014629761FF000875CB1 /* ConverterView.swift */,
				1373014729761FF000875CB1 /* ConverterViewModel.swift */,
			);
			path = Converter;
			sourceTree = "<group>";
		};
		1373014829761FF000875CB1 /* Fonts */ = {
			isa = PBXGroup;
			children = (
				1373014929761FF000875CB1 /* sf_regular.otf */,
			);
			path = Fonts;
			sourceTree = "<group>";
		};
		1373014A29761FF000875CB1 /* Currencies */ = {
			isa = PBXGroup;
			children = (
				1373014B29761FF000875CB1 /* CurrenciesViewModel.swift */,
				1373014C29761FF000875CB1 /* CurrenciesView.swift */,
			);
			path = Currencies;
			sourceTree = "<group>";
		};
		1373014D29761FF000875CB1 /* Base */ = {
			isa = PBXGroup;
			children = (
				1373014E29761FF000875CB1 /* BaseViewModel.swift */,
			);
			path = Base;
			sourceTree = "<group>";
		};
		1373015E2976207600875CB1 /* Keypad */ = {
			isa = PBXGroup;
			children = (
				1373015F2976207600875CB1 /* KeypadViewModelTests.swift */,
			);
			path = Keypad;
			sourceTree = "<group>";
		};
		137301602976207600875CB1 /* Converter */ = {
			isa = PBXGroup;
			children = (
				137301612976207600875CB1 /* ConverterViewModelTests.swift */,
			);
			path = Converter;
			sourceTree = "<group>";
		};
		137301622976207600875CB1 /* Currencies */ = {
			isa = PBXGroup;
			children = (
				137301632976207600875CB1 /* CurrenciesViewModelTests.swift */,
			);
			path = Currencies;
			sourceTree = "<group>";
		};
		137301642976207600875CB1 /* Sync */ = {
			isa = PBXGroup;
			children = (
				137301652976207600875CB1 /* SyncViewmodelTests.swift */,
			);
			path = Sync;
			sourceTree = "<group>";
		};
		137D2754297617B000DDD377 /* iosAppTests */ = {
			isa = PBXGroup;
			children = (
				137301602976207600875CB1 /* Converter */,
				137301622976207600875CB1 /* Currencies */,
				1373015E2976207600875CB1 /* Keypad */,
				137301642976207600875CB1 /* Sync */,
			);
			path = iosAppTests;
			sourceTree = "<group>";
		};
		7555FF72242A565900829871 = {
			isa = PBXGroup;
			children = (
				7555FF7D242A565900829871 /* iosApp */,
				137D2754297617B000DDD377 /* iosAppTests */,
				7555FF7C242A565900829871 /* Products */,
				7555FFB0242A642200829871 /* Frameworks */,
			);
			sourceTree = "<group>";
		};
		7555FF7C242A565900829871 /* Products */ = {
			isa = PBXGroup;
			children = (
				7555FF7B242A565900829871 /* iosApp.app */,
				137D2753297617B000DDD377 /* iosAppTests.xctest */,
			);
			name = Products;
			sourceTree = "<group>";
		};
		7555FF7D242A565900829871 /* iosApp */ = {
			isa = PBXGroup;
			children = (
				1373014D29761FF000875CB1 /* Base */,
				1373014529761FF000875CB1 /* Converter */,
				1373014A29761FF000875CB1 /* Currencies */,
				1373014829761FF000875CB1 /* Fonts */,
				1373013B29761FF000875CB1 /* Keypad */,
				1373013E29761FF000875CB1 /* Preview Content */,
				1373013829761FEF00875CB1 /* Sync */,
				1373014029761FF000875CB1 /* Theme */,
				058557BA273AAA24004C7B11 /* Assets.xcassets */,
				7555FF8C242A565B00829871 /* Info.plist */,
				2152FB032600AC8F00CF470E /* iOSApp.swift */,
				058557D7273AAEEB004C7B11 /* Preview Content */,
			);
			path = iosApp;
			sourceTree = "<group>";
		};
		7555FFB0242A642200829871 /* Frameworks */ = {
			isa = PBXGroup;
			children = (
			);
			name = Frameworks;
			sourceTree = "<group>";
		};
/* End PBXGroup section */

/* Begin PBXNativeTarget section */
		137D2752297617B000DDD377 /* iosAppTests */ = {
			isa = PBXNativeTarget;
			buildConfigurationList = 137D275B297617B000DDD377 /* Build configuration list for PBXNativeTarget "iosAppTests" */;
			buildPhases = (
				137D274F297617B000DDD377 /* Sources */,
				137D2750297617B000DDD377 /* Frameworks */,
				137D2751297617B000DDD377 /* Resources */,
			);
			buildRules = (
			);
			dependencies = (
				137D2758297617B000DDD377 /* PBXTargetDependency */,
			);
			name = iosAppTests;
			productName = iosAppTests;
			productReference = 137D2753297617B000DDD377 /* iosAppTests.xctest */;
			productType = "com.apple.product-type.bundle.unit-test";
		};
		7555FF7A242A565900829871 /* iosApp */ = {
			isa = PBXNativeTarget;
			buildConfigurationList = 7555FFA5242A565B00829871 /* Build configuration list for PBXNativeTarget "iosApp" */;
			buildPhases = (
				7555FFB5242A651A00829871 /* ShellScript */,
				7555FF77242A565900829871 /* Sources */,
				7555FF78242A565900829871 /* Frameworks */,
				7555FF79242A565900829871 /* Resources */,
				7555FFB4242A642300829871 /* Embed Frameworks */,
			);
			buildRules = (
			);
			dependencies = (
			);
			name = iosApp;
			packageProductDependencies = (
				137D277329761A6B00DDD377 /* OrderedCollections */,
				137D277629761A8700DDD377 /* CombineSchedulers */,
				137D277929761AFB00DDD377 /* KMPNativeCoroutinesAsync */,
				137D277B29761AFB00DDD377 /* KMPNativeCoroutinesCombine */,
				137D277D29761AFB00DDD377 /* KMPNativeCoroutinesCore */,
			);
			productName = iosApp;
			productReference = 7555FF7B242A565900829871 /* iosApp.app */;
			productType = "com.apple.product-type.application";
		};
/* End PBXNativeTarget section */

/* Begin PBXProject section */
		7555FF73242A565900829871 /* Project object */ = {
			isa = PBXProject;
			attributes = {
				LastSwiftUpdateCheck = 1410;
				LastUpgradeCheck = 1130;
				ORGANIZATIONNAME = orgName;
				TargetAttributes = {
					137D2752297617B000DDD377 = {
						CreatedOnToolsVersion = 14.1;
						TestTargetID = 7555FF7A242A565900829871;
					};
					7555FF7A242A565900829871 = {
						CreatedOnToolsVersion = 11.3.1;
					};
				};
			};
			buildConfigurationList = 7555FF76242A565900829871 /* Build configuration list for PBXProject "iosApp" */;
			compatibilityVersion = "Xcode 9.3";
			developmentRegion = en;
			hasScannedForEncodings = 0;
			knownRegions = (
				en,
				Base,
			);
			mainGroup = 7555FF72242A565900829871;
			packageReferences = (
				137D277229761A6B00DDD377 /* XCRemoteSwiftPackageReference "swift-collections" */,
				137D277529761A8700DDD377 /* XCRemoteSwiftPackageReference "combine-schedulers" */,
				137D277829761AFB00DDD377 /* XCRemoteSwiftPackageReference "KMP-NativeCoroutines" */,
			);
			productRefGroup = 7555FF7C242A565900829871 /* Products */;
			projectDirPath = "";
			projectRoot = "";
			targets = (
				7555FF7A242A565900829871 /* iosApp */,
				137D2752297617B000DDD377 /* iosAppTests */,
			);
		};
/* End PBXProject section */

/* Begin PBXResourcesBuildPhase section */
		137D2751297617B000DDD377 /* Resources */ = {
			isa = PBXResourcesBuildPhase;
			buildActionMask = 2147483647;
			files = (
			);
			runOnlyForDeploymentPostprocessing = 0;
		};
		7555FF79242A565900829871 /* Resources */ = {
			isa = PBXResourcesBuildPhase;
			buildActionMask = 2147483647;
			files = (
				058557D9273AAEEB004C7B11 /* Preview Assets.xcassets in Resources */,
				1373015329761FF000875CB1 /* Preview Assets.xcassets in Resources */,
				058557BB273AAA24004C7B11 /* Assets.xcassets in Resources */,
				1373015A29761FF000875CB1 /* sf_regular.otf in Resources */,
			);
			runOnlyForDeploymentPostprocessing = 0;
		};
/* End PBXResourcesBuildPhase section */

/* Begin PBXShellScriptBuildPhase section */
		7555FFB5242A651A00829871 /* ShellScript */ = {
			isa = PBXShellScriptBuildPhase;
			buildActionMask = 2147483647;
			files = (
			);
			inputFileListPaths = (
			);
			inputPaths = (
			);
			outputFileListPaths = (
			);
			outputPaths = (
			);
			runOnlyForDeploymentPostprocessing = 0;
			shellPath = /bin/sh;
			shellScript = "cd \"$SRCROOT/..\"\n./gradlew :shared:embedAndSignAppleFrameworkForXcode\n";
		};
/* End PBXShellScriptBuildPhase section */

/* Begin PBXSourcesBuildPhase section */
		137D274F297617B000DDD377 /* Sources */ = {
			isa = PBXSourcesBuildPhase;
			buildActionMask = 2147483647;
			files = (
				137301662976207600875CB1 /* KeypadViewModelTests.swift in Sources */,
				137301682976207600875CB1 /* CurrenciesViewModelTests.swift in Sources */,
				137301672976207600875CB1 /* ConverterViewModelTests.swift in Sources */,
				137301692976207600875CB1 /* SyncViewmodelTests.swift in Sources */,
			);
			runOnlyForDeploymentPostprocessing = 0;
		};
		7555FF77242A565900829871 /* Sources */ = {
			isa = PBXSourcesBuildPhase;
			buildActionMask = 2147483647;
			files = (
				1373015129761FF000875CB1 /* KeypadView.swift in Sources */,
				1373015629761FF000875CB1 /* Theme.swift in Sources */,
				1373015029761FF000875CB1 /* SyncView.swift in Sources */,
				1373015D29761FF000875CB1 /* BaseViewModel.swift in Sources */,
				1373015B29761FF000875CB1 /* CurrenciesViewModel.swift in Sources */,
				1373015829761FF000875CB1 /* ConverterView.swift in Sources */,
				1373015C29761FF000875CB1 /* CurrenciesView.swift in Sources */,
				1373015529761FF000875CB1 /* Icon.swift in Sources */,
				1373015229761FF000875CB1 /* KeyPadViewModel.swift in Sources */,
				2152FB042600AC8F00CF470E /* iOSApp.swift in Sources */,
				1373015429761FF000875CB1 /* Typography.swift in Sources */,
				1373014F29761FF000875CB1 /* SyncViewModel.swift in Sources */,
				1373015729761FF000875CB1 /* Color.swift in Sources */,
				1373015929761FF000875CB1 /* ConverterViewModel.swift in Sources */,
			);
			runOnlyForDeploymentPostprocessing = 0;
		};
/* End PBXSourcesBuildPhase section */

/* Begin PBXTargetDependency section */
		137D2758297617B000DDD377 /* PBXTargetDependency */ = {
			isa = PBXTargetDependency;
			target = 7555FF7A242A565900829871 /* iosApp */;
			targetProxy = 137D2757297617B000DDD377 /* PBXContainerItemProxy */;
		};
/* End PBXTargetDependency section */

/* Begin XCBuildConfiguration section */
		137D2759297617B000DDD377 /* Debug */ = {
			isa = XCBuildConfiguration;
			buildSettings = {
				BUNDLE_LOADER = "$(TEST_HOST)";
				CLANG_CXX_LANGUAGE_STANDARD = "gnu++20";
				CODE_SIGN_STYLE = Automatic;
				CURRENT_PROJECT_VERSION = 1;
				DEBUG_INFORMATION_FORMAT = dwarf;
				GENERATE_INFOPLIST_FILE = YES;
				IPHONEOS_DEPLOYMENT_TARGET = 16.1;
				MARKETING_VERSION = 1.0;
				PRODUCT_BUNDLE_IDENTIFIER = com.kwabenaberko.iosAppTests;
				PRODUCT_NAME = "$(TARGET_NAME)";
				SWIFT_EMIT_LOC_STRINGS = NO;
				SWIFT_VERSION = 5.0;
				TARGETED_DEVICE_FAMILY = "1,2";
				TEST_HOST = "$(BUILT_PRODUCTS_DIR)/iosApp.app/$(BUNDLE_EXECUTABLE_FOLDER_PATH)/iosApp";
			};
			name = Debug;
		};
		137D275A297617B000DDD377 /* Release */ = {
			isa = XCBuildConfiguration;
			buildSettings = {
				BUNDLE_LOADER = "$(TEST_HOST)";
				CLANG_CXX_LANGUAGE_STANDARD = "gnu++20";
				CODE_SIGN_STYLE = Automatic;
				CURRENT_PROJECT_VERSION = 1;
				GENERATE_INFOPLIST_FILE = YES;
				IPHONEOS_DEPLOYMENT_TARGET = 16.1;
				MARKETING_VERSION = 1.0;
				PRODUCT_BUNDLE_IDENTIFIER = com.kwabenaberko.iosAppTests;
				PRODUCT_NAME = "$(TARGET_NAME)";
				SWIFT_EMIT_LOC_STRINGS = NO;
				SWIFT_VERSION = 5.0;
				TARGETED_DEVICE_FAMILY = "1,2";
				TEST_HOST = "$(BUILT_PRODUCTS_DIR)/iosApp.app/$(BUNDLE_EXECUTABLE_FOLDER_PATH)/iosApp";
			};
			name = Release;
		};
		7555FFA3242A565B00829871 /* Debug */ = {
			isa = XCBuildConfiguration;
			buildSettings = {
				ALWAYS_SEARCH_USER_PATHS = NO;
				CLANG_ANALYZER_NONNULL = YES;
				CLANG_ANALYZER_NUMBER_OBJECT_CONVERSION = YES_AGGRESSIVE;
				CLANG_CXX_LANGUAGE_STANDARD = "gnu++14";
				CLANG_CXX_LIBRARY = "libc++";
				CLANG_ENABLE_MODULES = YES;
				CLANG_ENABLE_OBJC_ARC = YES;
				CLANG_ENABLE_OBJC_WEAK = YES;
				CLANG_WARN_BLOCK_CAPTURE_AUTORELEASING = YES;
				CLANG_WARN_BOOL_CONVERSION = YES;
				CLANG_WARN_COMMA = YES;
				CLANG_WARN_CONSTANT_CONVERSION = YES;
				CLANG_WARN_DEPRECATED_OBJC_IMPLEMENTATIONS = YES;
				CLANG_WARN_DIRECT_OBJC_ISA_USAGE = YES_ERROR;
				CLANG_WARN_DOCUMENTATION_COMMENTS = YES;
				CLANG_WARN_EMPTY_BODY = YES;
				CLANG_WARN_ENUM_CONVERSION = YES;
				CLANG_WARN_INFINITE_RECURSION = YES;
				CLANG_WARN_INT_CONVERSION = YES;
				CLANG_WARN_NON_LITERAL_NULL_CONVERSION = YES;
				CLANG_WARN_OBJC_IMPLICIT_RETAIN_SELF = YES;
				CLANG_WARN_OBJC_LITERAL_CONVERSION = YES;
				CLANG_WARN_OBJC_ROOT_CLASS = YES_ERROR;
				CLANG_WARN_QUOTED_INCLUDE_IN_FRAMEWORK_HEADER = YES;
				CLANG_WARN_RANGE_LOOP_ANALYSIS = YES;
				CLANG_WARN_STRICT_PROTOTYPES = YES;
				CLANG_WARN_SUSPICIOUS_MOVE = YES;
				CLANG_WARN_UNGUARDED_AVAILABILITY = YES_AGGRESSIVE;
				CLANG_WARN_UNREACHABLE_CODE = YES;
				CLANG_WARN__DUPLICATE_METHOD_MATCH = YES;
				COPY_PHASE_STRIP = NO;
				DEBUG_INFORMATION_FORMAT = "dwarf-with-dsym";
				ENABLE_STRICT_OBJC_MSGSEND = YES;
				ENABLE_TESTABILITY = YES;
				GCC_C_LANGUAGE_STANDARD = gnu11;
				GCC_DYNAMIC_NO_PIC = NO;
				GCC_NO_COMMON_BLOCKS = YES;
				GCC_OPTIMIZATION_LEVEL = 0;
				GCC_PREPROCESSOR_DEFINITIONS = (
					"DEBUG=1",
					"$(inherited)",
				);
				GCC_WARN_64_TO_32_BIT_CONVERSION = YES;
				GCC_WARN_ABOUT_RETURN_TYPE = YES_ERROR;
				GCC_WARN_UNDECLARED_SELECTOR = YES;
				GCC_WARN_UNINITIALIZED_AUTOS = YES_AGGRESSIVE;
				GCC_WARN_UNUSED_FUNCTION = YES;
				GCC_WARN_UNUSED_VARIABLE = YES;
				IPHONEOS_DEPLOYMENT_TARGET = 14.1;
				MTL_ENABLE_DEBUG_INFO = INCLUDE_SOURCE;
				MTL_FAST_MATH = YES;
				ONLY_ACTIVE_ARCH = YES;
				SDKROOT = iphoneos;
				SWIFT_ACTIVE_COMPILATION_CONDITIONS = DEBUG;
				SWIFT_OPTIMIZATION_LEVEL = "-Onone";
			};
			name = Debug;
		};
		7555FFA4242A565B00829871 /* Release */ = {
			isa = XCBuildConfiguration;
			buildSettings = {
				ALWAYS_SEARCH_USER_PATHS = NO;
				CLANG_ANALYZER_NONNULL = YES;
				CLANG_ANALYZER_NUMBER_OBJECT_CONVERSION = YES_AGGRESSIVE;
				CLANG_CXX_LANGUAGE_STANDARD = "gnu++14";
				CLANG_CXX_LIBRARY = "libc++";
				CLANG_ENABLE_MODULES = YES;
				CLANG_ENABLE_OBJC_ARC = YES;
				CLANG_ENABLE_OBJC_WEAK = YES;
				CLANG_WARN_BLOCK_CAPTURE_AUTORELEASING = YES;
				CLANG_WARN_BOOL_CONVERSION = YES;
				CLANG_WARN_COMMA = YES;
				CLANG_WARN_CONSTANT_CONVERSION = YES;
				CLANG_WARN_DEPRECATED_OBJC_IMPLEMENTATIONS = YES;
				CLANG_WARN_DIRECT_OBJC_ISA_USAGE = YES_ERROR;
				CLANG_WARN_DOCUMENTATION_COMMENTS = YES;
				CLANG_WARN_EMPTY_BODY = YES;
				CLANG_WARN_ENUM_CONVERSION = YES;
				CLANG_WARN_INFINITE_RECURSION = YES;
				CLANG_WARN_INT_CONVERSION = YES;
				CLANG_WARN_NON_LITERAL_NULL_CONVERSION = YES;
				CLANG_WARN_OBJC_IMPLICIT_RETAIN_SELF = YES;
				CLANG_WARN_OBJC_LITERAL_CONVERSION = YES;
				CLANG_WARN_OBJC_ROOT_CLASS = YES_ERROR;
				CLANG_WARN_QUOTED_INCLUDE_IN_FRAMEWORK_HEADER = YES;
				CLANG_WARN_RANGE_LOOP_ANALYSIS = YES;
				CLANG_WARN_STRICT_PROTOTYPES = YES;
				CLANG_WARN_SUSPICIOUS_MOVE = YES;
				CLANG_WARN_UNGUARDED_AVAILABILITY = YES_AGGRESSIVE;
				CLANG_WARN_UNREACHABLE_CODE = YES;
				CLANG_WARN__DUPLICATE_METHOD_MATCH = YES;
				COPY_PHASE_STRIP = NO;
				DEBUG_INFORMATION_FORMAT = "dwarf-with-dsym";
				ENABLE_NS_ASSERTIONS = NO;
				ENABLE_STRICT_OBJC_MSGSEND = YES;
				GCC_C_LANGUAGE_STANDARD = gnu11;
				GCC_NO_COMMON_BLOCKS = YES;
				GCC_WARN_64_TO_32_BIT_CONVERSION = YES;
				GCC_WARN_ABOUT_RETURN_TYPE = YES_ERROR;
				GCC_WARN_UNDECLARED_SELECTOR = YES;
				GCC_WARN_UNINITIALIZED_AUTOS = YES_AGGRESSIVE;
				GCC_WARN_UNUSED_FUNCTION = YES;
				GCC_WARN_UNUSED_VARIABLE = YES;
				IPHONEOS_DEPLOYMENT_TARGET = 14.1;
				MTL_ENABLE_DEBUG_INFO = NO;
				MTL_FAST_MATH = YES;
				SDKROOT = iphoneos;
				SWIFT_COMPILATION_MODE = wholemodule;
				SWIFT_OPTIMIZATION_LEVEL = "-O";
				VALIDATE_PRODUCT = YES;
			};
			name = Release;
		};
		7555FFA6242A565B00829871 /* Debug */ = {
			isa = XCBuildConfiguration;
			buildSettings = {
				ASSETCATALOG_COMPILER_APPICON_NAME = AppIcon;
				CODE_SIGN_STYLE = Automatic;
				DEVELOPMENT_ASSET_PATHS = "\"iosApp/Preview Content\"";
				ENABLE_PREVIEWS = YES;
				FRAMEWORK_SEARCH_PATHS = "$(SRCROOT)/../shared/build/xcode-frameworks/$(CONFIGURATION)/$(SDK_NAME)";
				INFOPLIST_FILE = iosApp/Info.plist;
				IPHONEOS_DEPLOYMENT_TARGET = 16.0;
				LD_RUNPATH_SEARCH_PATHS = (
					"$(inherited)",
					"@executable_path/Frameworks",
				);
				OTHER_LDFLAGS = (
					"$(inherited)",
					"-framework",
					shared,
				);
				PRODUCT_BUNDLE_IDENTIFIER = orgIdentifier.iosApp;
				PRODUCT_NAME = "$(TARGET_NAME)";
				SWIFT_VERSION = 5.0;
				TARGETED_DEVICE_FAMILY = "1,2";
			};
			name = Debug;
		};
		7555FFA7242A565B00829871 /* Release */ = {
			isa = XCBuildConfiguration;
			buildSettings = {
				ASSETCATALOG_COMPILER_APPICON_NAME = AppIcon;
				CODE_SIGN_STYLE = Automatic;
				DEVELOPMENT_ASSET_PATHS = "\"iosApp/Preview Content\"";
				ENABLE_PREVIEWS = YES;
				FRAMEWORK_SEARCH_PATHS = "$(SRCROOT)/../shared/build/xcode-frameworks/$(CONFIGURATION)/$(SDK_NAME)";
				INFOPLIST_FILE = iosApp/Info.plist;
				IPHONEOS_DEPLOYMENT_TARGET = 16.0;
				LD_RUNPATH_SEARCH_PATHS = (
					"$(inherited)",
					"@executable_path/Frameworks",
				);
				OTHER_LDFLAGS = (
					"$(inherited)",
					"-framework",
					shared,
				);
				PRODUCT_BUNDLE_IDENTIFIER = orgIdentifier.iosApp;
				PRODUCT_NAME = "$(TARGET_NAME)";
				SWIFT_VERSION = 5.0;
				TARGETED_DEVICE_FAMILY = "1,2";
			};
			name = Release;
		};
/* End XCBuildConfiguration section */

/* Begin XCConfigurationList section */
		137D275B297617B000DDD377 /* Build configuration list for PBXNativeTarget "iosAppTests" */ = {
			isa = XCConfigurationList;
			buildConfigurations = (
				137D2759297617B000DDD377 /* Debug */,
				137D275A297617B000DDD377 /* Release */,
			);
			defaultConfigurationIsVisible = 0;
			defaultConfigurationName = Release;
		};
		7555FF76242A565900829871 /* Build configuration list for PBXProject "iosApp" */ = {
			isa = XCConfigurationList;
			buildConfigurations = (
				7555FFA3242A565B00829871 /* Debug */,
				7555FFA4242A565B00829871 /* Release */,
			);
			defaultConfigurationIsVisible = 0;
			defaultConfigurationName = Release;
		};
		7555FFA5242A565B00829871 /* Build configuration list for PBXNativeTarget "iosApp" */ = {
			isa = XCConfigurationList;
			buildConfigurations = (
				7555FFA6242A565B00829871 /* Debug */,
				7555FFA7242A565B00829871 /* Release */,
			);
			defaultConfigurationIsVisible = 0;
			defaultConfigurationName = Release;
		};
/* End XCConfigurationList section */

/* Begin XCRemoteSwiftPackageReference section */
		137D277229761A6B00DDD377 /* XCRemoteSwiftPackageReference "swift-collections" */ = {
			isa = XCRemoteSwiftPackageReference;
			repositoryURL = "https://github.com/apple/swift-collections.git";
			requirement = {
				kind = exactVersion;
				version = 1.0.3;
			};
		};
		137D277529761A8700DDD377 /* XCRemoteSwiftPackageReference "combine-schedulers" */ = {
			isa = XCRemoteSwiftPackageReference;
			repositoryURL = "https://github.com/pointfreeco/combine-schedulers.git";
			requirement = {
				kind = exactVersion;
				version = 0.9.1;
			};
		};
		137D277829761AFB00DDD377 /* XCRemoteSwiftPackageReference "KMP-NativeCoroutines" */ = {
			isa = XCRemoteSwiftPackageReference;
			repositoryURL = "https://github.com/rickclephas/KMP-NativeCoroutines.git";
			requirement = {
				kind = exactVersion;
				version = 0.13.3;
			};
		};
/* End XCRemoteSwiftPackageReference section */

/* Begin XCSwiftPackageProductDependency section */
		137D277329761A6B00DDD377 /* OrderedCollections */ = {
			isa = XCSwiftPackageProductDependency;
			package = 137D277229761A6B00DDD377 /* XCRemoteSwiftPackageReference "swift-collections" */;
			productName = OrderedCollections;
		};
		137D277629761A8700DDD377 /* CombineSchedulers */ = {
			isa = XCSwiftPackageProductDependency;
			package = 137D277529761A8700DDD377 /* XCRemoteSwiftPackageReference "combine-schedulers" */;
			productName = CombineSchedulers;
		};
		137D277929761AFB00DDD377 /* KMPNativeCoroutinesAsync */ = {
			isa = XCSwiftPackageProductDependency;
			package = 137D277829761AFB00DDD377 /* XCRemoteSwiftPackageReference "KMP-NativeCoroutines" */;
			productName = KMPNativeCoroutinesAsync;
		};
		137D277B29761AFB00DDD377 /* KMPNativeCoroutinesCombine */ = {
			isa = XCSwiftPackageProductDependency;
			package = 137D277829761AFB00DDD377 /* XCRemoteSwiftPackageReference "KMP-NativeCoroutines" */;
			productName = KMPNativeCoroutinesCombine;
		};
		137D277D29761AFB00DDD377 /* KMPNativeCoroutinesCore */ = {
			isa = XCSwiftPackageProductDependency;
			package = 137D277829761AFB00DDD377 /* XCRemoteSwiftPackageReference "KMP-NativeCoroutines" */;
			productName = KMPNativeCoroutinesCore;
		};
/* End XCSwiftPackageProductDependency section */
	};
	rootObject = 7555FF73242A565900829871 /* Project object */;
}
